
Microsoft Visual Studio Solution File, Format Version 12.00
# Visual Studio Version 16
VisualStudioVersion = 16.0.30907.101
MinimumVisualStudioVersion = 10.0.40219.1
Project("{FAE04EC0-301F-11D3-BF4B-00C04F79EFBC}") = "CS1410-final", "CS1410-final.csproj", "{1C4A2939-623A-4EB7-9962-DE72271E5B37}"
EndProject
Project("{2150E333-8FDC-42A3-9474-1A3956D46DE8}") = "Solution Items", "Solution Items", "{9B134E07-4B3E-4C1C-922C-4AB6B18BA5F3}"
	ProjectSection(SolutionItems) = preProject
		.editorconfig = .editorconfig
	EndProjectSection
EndProject
Project("{FAE04EC0-301F-11D3-BF4B-00C04F79EFBC}") = "NUnitTestProject", "..\NUnitTestProject\NUnitTestProject.csproj", "{69EC0E67-EBD6-4FCA-A540-BC4FE24738D2}"
EndProject
Global
	GlobalSection(SolutionConfigurationPlatforms) = preSolution
		Debug|Any CPU = Debug|Any CPU
		Release|Any CPU = Release|Any CPU
	EndGlobalSection
	GlobalSection(ProjectConfigurationPlatforms) = postSolution
		{1C4A2939-623A-4EB7-9962-DE72271E5B37}.Debug|Any CPU.ActiveCfg = Debug|Any CPU
		{1C4A2939-623A-4EB7-9962-DE72271E5B37}.Debug|Any CPU.Build.0 = Debug|Any CPU
		{1C4A2939-623A-4EB7-9962-DE72271E5B37}.Release|Any CPU.ActiveCfg = Release|Any CPU
		{1C4A2939-623A-4EB7-9962-DE72271E5B37}.Release|Any CPU.Build.0 = Release|Any CPU
		{69EC0E67-EBD6-4FCA-A540-BC4FE24738D2}.Debug|Any CPU.ActiveCfg = Debug|Any CPU
		{69EC0E67-EBD6-4FCA-A540-BC4FE24738D2}.Debug|Any CPU.Build.0 = Debug|Any CPU
		{69EC0E67-EBD6-4FCA-A540-BC4FE24738D2}.Release|Any CPU.ActiveCfg = Release|Any CPU
		{69EC0E67-EBD6-4FCA-A540-BC4FE24738D2}.Release|Any CPU.Build.0 = Release|Any CPU
	EndGlobalSection
	GlobalSection(SolutionProperties) = preSolution
		HideSolutionNode = FALSE
	EndGlobalSection
	GlobalSection(ExtensibilityGlobals) = postSolution
		SolutionGuid = {BE841EE5-75FD-4DF7-878F-77EAE9928EE9}
	EndGlobalSection
EndGlobal
